
Microsoft Visual Studio Solution File, Format Version 12.00
# Visual Studio Version 17
VisualStudioVersion = 17.6.33801.468
MinimumVisualStudioVersion = 10.0.40219.1
Project("{8BC9CEB8-8B4A-11D0-8D11-00A0C91BC942}") = "Utility", "Utility\src\Utility.vcxproj", "{8A21FBF7-759E-4AD4-AC28-78D3E4F7F491}"
EndProject
Project("{8BC9CEB8-8B4A-11D0-8D11-00A0C91BC942}") = "Native", "Native\Native.vcxproj", "{68D34652-0C5B-460B-B35D-A6C2B02796E0}"
EndProject
Project("{8BC9CEB8-8B4A-11D0-8D11-00A0C91BC942}") = "OpenGL", "OpenGL\OpenGL.vcxproj", "{A5679619-DB5B-4821-858D-C1DF1CDC6B7A}"
EndProject
Project("{8BC9CEB8-8B4A-11D0-8D11-00A0C91BC942}") = "TestTriangle", "TestTriangle\TestTriangle.vcxproj", "{99C88E72-359A-4F79-802D-898FB99C9107}"
EndProject
Project("{8BC9CEB8-8B4A-11D0-8D11-00A0C91BC942}") = "GLEW", "GLEW\GLEW.vcxitems", "{79056D64-8B2F-4A97-968F-4C5EC34345F1}"
EndProject
Global
	GlobalSection(SolutionConfigurationPlatforms) = preSolution
		Debug|x64 = Debug|x64
		Debug|x86 = Debug|x86
		Release|x64 = Release|x64
		Release|x86 = Release|x86
	EndGlobalSection
	GlobalSection(ProjectConfigurationPlatforms) = postSolution
		{8A21FBF7-759E-4AD4-AC28-78D3E4F7F491}.Debug|x64.ActiveCfg = Debug|x64
		{8A21FBF7-759E-4AD4-AC28-78D3E4F7F491}.Debug|x64.Build.0 = Debug|x64
		{8A21FBF7-759E-4AD4-AC28-78D3E4F7F491}.Debug|x86.ActiveCfg = Debug|Win32
		{8A21FBF7-759E-4AD4-AC28-78D3E4F7F491}.Debug|x86.Build.0 = Debug|Win32
		{8A21FBF7-759E-4AD4-AC28-78D3E4F7F491}.Release|x64.ActiveCfg = Release|x64
		{8A21FBF7-759E-4AD4-AC28-78D3E4F7F491}.Release|x64.Build.0 = Release|x64
		{8A21FBF7-759E-4AD4-AC28-78D3E4F7F491}.Release|x86.ActiveCfg = Release|Win32
		{8A21FBF7-759E-4AD4-AC28-78D3E4F7F491}.Release|x86.Build.0 = Release|Win32
		{68D34652-0C5B-460B-B35D-A6C2B02796E0}.Debug|x64.ActiveCfg = Debug|x64
		{68D34652-0C5B-460B-B35D-A6C2B02796E0}.Debug|x64.Build.0 = Debug|x64
		{68D34652-0C5B-460B-B35D-A6C2B02796E0}.Debug|x86.ActiveCfg = Debug|Win32
		{68D34652-0C5B-460B-B35D-A6C2B02796E0}.Debug|x86.Build.0 = Debug|Win32
		{68D34652-0C5B-460B-B35D-A6C2B02796E0}.Release|x64.ActiveCfg = Release|x64
		{68D34652-0C5B-460B-B35D-A6C2B02796E0}.Release|x64.Build.0 = Release|x64
		{68D34652-0C5B-460B-B35D-A6C2B02796E0}.Release|x86.ActiveCfg = Release|Win32
		{68D34652-0C5B-460B-B35D-A6C2B02796E0}.Release|x86.Build.0 = Release|Win32
		{A5679619-DB5B-4821-858D-C1DF1CDC6B7A}.Debug|x64.ActiveCfg = Debug|x64
		{A5679619-DB5B-4821-858D-C1DF1CDC6B7A}.Debug|x64.Build.0 = Debug|x64
		{A5679619-DB5B-4821-858D-C1DF1CDC6B7A}.Debug|x86.ActiveCfg = Debug|Win32
		{A5679619-DB5B-4821-858D-C1DF1CDC6B7A}.Debug|x86.Build.0 = Debug|Win32
		{A5679619-DB5B-4821-858D-C1DF1CDC6B7A}.Release|x64.ActiveCfg = Release|x64
		{A5679619-DB5B-4821-858D-C1DF1CDC6B7A}.Release|x64.Build.0 = Release|x64
		{A5679619-DB5B-4821-858D-C1DF1CDC6B7A}.Release|x86.ActiveCfg = Release|Win32
		{A5679619-DB5B-4821-858D-C1DF1CDC6B7A}.Release|x86.Build.0 = Release|Win32
		{99C88E72-359A-4F79-802D-898FB99C9107}.Debug|x64.ActiveCfg = Debug|x64
		{99C88E72-359A-4F79-802D-898FB99C9107}.Debug|x64.Build.0 = Debug|x64
		{99C88E72-359A-4F79-802D-898FB99C9107}.Debug|x86.ActiveCfg = Debug|Win32
		{99C88E72-359A-4F79-802D-898FB99C9107}.Debug|x86.Build.0 = Debug|Win32
		{99C88E72-359A-4F79-802D-898FB99C9107}.Release|x64.ActiveCfg = Release|x64
		{99C88E72-359A-4F79-802D-898FB99C9107}.Release|x64.Build.0 = Release|x64
		{99C88E72-359A-4F79-802D-898FB99C9107}.Release|x86.ActiveCfg = Release|Win32
		{99C88E72-359A-4F79-802D-898FB99C9107}.Release|x86.Build.0 = Release|Win32
	EndGlobalSection
	GlobalSection(SolutionProperties) = preSolution
		HideSolutionNode = FALSE
	EndGlobalSection
	GlobalSection(ExtensibilityGlobals) = postSolution
		SolutionGuid = {85BCDF47-A60F-4FD0-B718-5765801DD8D7}
	EndGlobalSection
	GlobalSection(SharedMSBuildProjectFiles) = preSolution
		GLEW\GLEW.vcxitems*{79056d64-8b2f-4a97-968f-4c5ec34345f1}*SharedItemsImports = 9
		GLEW\GLEW.vcxitems*{a5679619-db5b-4821-858d-c1df1cdc6b7a}*SharedItemsImports = 4
	EndGlobalSection
EndGlobal
