<?xml version="1.0" encoding="utf-8"?>
<Project ToolsVersion="4.0" xmlns="http://schemas.microsoft.com/developer/msbuild/2003">
  <ItemGroup>
    <Filter Include="소스 파일">
      <UniqueIdentifier>{4FC737F1-C7A5-4376-A066-2A32D752A2FF}</UniqueIdentifier>
      <Extensions>cpp;c;cc;cxx;c++;cppm;ixx;def;odl;idl;hpj;bat;asm;asmx</Extensions>
    </Filter>
    <Filter Include="헤더 파일">
      <UniqueIdentifier>{93995380-89BD-4b04-88EB-625FBE52EBFB}</UniqueIdentifier>
      <Extensions>h;hh;hpp;hxx;h++;hm;inl;inc;ipp;xsd</Extensions>
    </Filter>
    <Filter Include="리소스 파일">
      <UniqueIdentifier>{67DA6AB6-F800-4c08-8B7A-83BB121AAD01}</UniqueIdentifier>
      <Extensions>rc;ico;cur;bmp;dlg;rc2;rct;bin;rgs;gif;jpg;jpeg;jpe;resx;tiff;tif;png;wav;mfcribbon-ms</Extensions>
    </Filter>
    <Filter Include="헤더 파일\OpenGL">
      <UniqueIdentifier>{f9c12526-8a24-491f-95be-22286cd65e8b}</UniqueIdentifier>
    </Filter>
    <Filter Include="헤더 파일\Client">
      <UniqueIdentifier>{1e996d8a-1170-4729-bcad-cfb67947a176}</UniqueIdentifier>
    </Filter>
    <Filter Include="헤더 파일\Native">
      <UniqueIdentifier>{9e99b761-ccac-406e-9e0d-92417a57ce5d}</UniqueIdentifier>
    </Filter>
    <Filter Include="헤더 파일\Utility">
      <UniqueIdentifier>{1abb2cb0-d12d-4c69-91b1-9f2c9e05d0e9}</UniqueIdentifier>
    </Filter>
  </ItemGroup>
  <ItemGroup>
    <ClCompile Include="TestClient.cpp">
      <Filter>소스 파일</Filter>
    </ClCompile>
    <ClCompile Include="..\Client\Client.ixx">
      <Filter>헤더 파일\Client</Filter>
    </ClCompile>
    <ClCompile Include="..\Client\Framework.ixx">
      <Filter>헤더 파일\Client</Filter>
    </ClCompile>
    <ClCompile Include="..\OpenGL\Blender.ixx">
      <Filter>헤더 파일\OpenGL</Filter>
    </ClCompile>
    <ClCompile Include="..\OpenGL\BlendMode.ixx">
      <Filter>헤더 파일\OpenGL</Filter>
    </ClCompile>
    <ClCompile Include="..\OpenGL\BlendOption.ixx">
      <Filter>헤더 파일\OpenGL</Filter>
    </ClCompile>
    <ClCompile Include="..\OpenGL\Buffer.ixx">
      <Filter>헤더 파일\OpenGL</Filter>
    </ClCompile>
    <ClCompile Include="..\OpenGL\BufferLayout.ixx">
      <Filter>헤더 파일\OpenGL</Filter>
    </ClCompile>
    <ClCompile Include="..\OpenGL\BufferObject.ixx">
      <Filter>헤더 파일\OpenGL</Filter>
    </ClCompile>
    <ClCompile Include="..\OpenGL\ClearBits.ixx">
      <Filter>헤더 파일\OpenGL</Filter>
    </ClCompile>
    <ClCompile Include="..\OpenGL\Comparator.ixx">
      <Filter>헤더 파일\OpenGL</Filter>
    </ClCompile>
    <ClCompile Include="..\OpenGL\Culling.ixx">
      <Filter>헤더 파일\OpenGL</Filter>
    </ClCompile>
    <ClCompile Include="..\OpenGL\DefaultProperty.ixx">
      <Filter>헤더 파일\OpenGL</Filter>
    </ClCompile>
    <ClCompile Include="..\OpenGL\Display.ixx">
      <Filter>헤더 파일\OpenGL</Filter>
    </ClCompile>
    <ClCompile Include="..\OpenGL\DisplayModes.ixx">
      <Filter>헤더 파일\OpenGL</Filter>
    </ClCompile>
    <ClCompile Include="..\OpenGL\Face.ixx">
      <Filter>헤더 파일\OpenGL</Filter>
    </ClCompile>
    <ClCompile Include="..\OpenGL\Image.ixx">
      <Filter>헤더 파일\OpenGL</Filter>
    </ClCompile>
    <ClCompile Include="..\OpenGL\LegacyFog.ixx">
      <Filter>헤더 파일\OpenGL</Filter>
    </ClCompile>
    <ClCompile Include="..\OpenGL\LegacyLighting.ixx">
      <Filter>헤더 파일\OpenGL</Filter>
    </ClCompile>
    <ClCompile Include="..\OpenGL\LegacyPrimitive.ixx">
      <Filter>헤더 파일\OpenGL</Filter>
    </ClCompile>
    <ClCompile Include="..\OpenGL\Lighting.ixx">
      <Filter>헤더 파일\OpenGL</Filter>
    </ClCompile>
    <ClCompile Include="..\OpenGL\Object.ixx">
      <Filter>헤더 파일\OpenGL</Filter>
    </ClCompile>
    <ClCompile Include="..\OpenGL\OpenGL.ixx">
      <Filter>헤더 파일\OpenGL</Filter>
    </ClCompile>
    <ClCompile Include="..\OpenGL\Pixel.ixx">
      <Filter>헤더 파일\OpenGL</Filter>
    </ClCompile>
    <ClCompile Include="..\OpenGL\Primitive.ixx">
      <Filter>헤더 파일\OpenGL</Filter>
    </ClCompile>
    <ClCompile Include="..\OpenGL\State.ixx">
      <Filter>헤더 파일\OpenGL</Filter>
    </ClCompile>
    <ClCompile Include="..\OpenGL\System.ixx">
      <Filter>헤더 파일\OpenGL</Filter>
    </ClCompile>
    <ClCompile Include="..\OpenGL\Texture.ixx">
      <Filter>헤더 파일\OpenGL</Filter>
    </ClCompile>
    <ClCompile Include="..\OpenGL\Transform.ixx">
      <Filter>헤더 파일\OpenGL</Filter>
    </ClCompile>
    <ClCompile Include="..\OpenGL\TransformState.ixx">
      <Filter>헤더 파일\OpenGL</Filter>
    </ClCompile>
    <ClCompile Include="..\OpenGL\Utility.ixx">
      <Filter>헤더 파일\OpenGL</Filter>
    </ClCompile>
    <ClCompile Include="..\Native\inc\Colour.ixx">
      <Filter>헤더 파일\Native</Filter>
    </ClCompile>
    <ClCompile Include="..\Native\inc\Rect.ixx">
      <Filter>헤더 파일\Native</Filter>
    </ClCompile>
    <ClCompile Include="..\Native\inc\Bitmap.ixx">
      <Filter>헤더 파일\Native</Filter>
    </ClCompile>
    <ClCompile Include="..\Native\inc\ColourBrush.ixx">
      <Filter>헤더 파일\Native</Filter>
    </ClCompile>
    <ClCompile Include="..\Native\inc\CompatibleBitmap.ixx">
      <Filter>헤더 파일\Native</Filter>
    </ClCompile>
    <ClCompile Include="..\Native\inc\CompatibleContext.ixx">
      <Filter>헤더 파일\Native</Filter>
    </ClCompile>
    <ClCompile Include="..\Native\inc\ComponentBrush.ixx">
      <Filter>헤더 파일\Native</Filter>
    </ClCompile>
    <ClCompile Include="..\Native\inc\Definitions.ixx">
      <Filter>헤더 파일\Native</Filter>
    </ClCompile>
    <ClCompile Include="..\Native\inc\DeviceContext.ixx">
      <Filter>헤더 파일\Native</Filter>
    </ClCompile>
    <ClCompile Include="..\Native\inc\DeviceHandle.ixx">
      <Filter>헤더 파일\Native</Filter>
    </ClCompile>
    <ClCompile Include="..\Native\inc\DeviceIO.ixx">
      <Filter>헤더 파일\Native</Filter>
    </ClCompile>
    <ClCompile Include="..\Native\inc\DeviceUtil.ixx">
      <Filter>헤더 파일\Native</Filter>
    </ClCompile>
    <ClCompile Include="..\Native\inc\Event.ixx">
      <Filter>헤더 파일\Native</Filter>
    </ClCompile>
    <ClCompile Include="..\Native\inc\EventAPI.ixx">
      <Filter>헤더 파일\Native</Filter>
    </ClCompile>
    <ClCompile Include="..\Native\inc\EventID.ixx">
      <Filter>헤더 파일\Native</Filter>
    </ClCompile>
    <ClCompile Include="..\Native\inc\GraphicDeviceContext.ixx">
      <Filter>헤더 파일\Native</Filter>
    </ClCompile>
    <ClCompile Include="..\Native\inc\Icon.ixx">
      <Filter>헤더 파일\Native</Filter>
    </ClCompile>
    <ClCompile Include="..\Native\inc\IContext.ixx">
      <Filter>헤더 파일\Native</Filter>
    </ClCompile>
    <ClCompile Include="..\Native\inc\IGraphics.ixx">
      <Filter>헤더 파일\Native</Filter>
    </ClCompile>
    <ClCompile Include="..\Native\inc\IHandle.ixx">
      <Filter>헤더 파일\Native</Filter>
    </ClCompile>
    <ClCompile Include="..\Native\inc\Image.ixx">
      <Filter>헤더 파일\Native</Filter>
    </ClCompile>
    <ClCompile Include="..\Native\inc\IWindow.ixx">
      <Filter>헤더 파일\Native</Filter>
    </ClCompile>
    <ClCompile Include="..\Native\inc\Keyboard.ixx">
      <Filter>헤더 파일\Native</Filter>
    </ClCompile>
    <ClCompile Include="..\Native\inc\KeyboardFlags.ixx">
      <Filter>헤더 파일\Native</Filter>
    </ClCompile>
    <ClCompile Include="..\Native\inc\Keycodes.ixx">
      <Filter>헤더 파일\Native</Filter>
    </ClCompile>
    <ClCompile Include="..\Native\inc\KeyModifiers.ixx">
      <Filter>헤더 파일\Native</Filter>
    </ClCompile>
    <ClCompile Include="..\Native\inc\ManagedWindow.ixx">
      <Filter>헤더 파일\Native</Filter>
    </ClCompile>
    <ClCompile Include="..\Native\inc\Mouse.ixx">
      <Filter>헤더 파일\Native</Filter>
    </ClCompile>
    <ClCompile Include="..\Native\inc\MouseButtons.ixx">
      <Filter>헤더 파일\Native</Filter>
    </ClCompile>
    <ClCompile Include="..\Native\inc\MouseUtils.ixx">
      <Filter>헤더 파일\Native</Filter>
    </ClCompile>
    <ClCompile Include="..\Native\inc\Palette.ixx">
      <Filter>헤더 파일\Native</Filter>
    </ClCompile>
    <ClCompile Include="..\Native\inc\Pen.ixx">
      <Filter>헤더 파일\Native</Filter>
    </ClCompile>
    <ClCompile Include="..\Native\inc\ProcessInstance.ixx">
      <Filter>헤더 파일\Native</Filter>
    </ClCompile>
    <ClCompile Include="..\Native\inc\RawColour.ixx">
      <Filter>헤더 파일\Native</Filter>
    </ClCompile>
    <ClCompile Include="..\Native\inc\SpecialEvent.ixx">
      <Filter>헤더 파일\Native</Filter>
    </ClCompile>
    <ClCompile Include="..\Native\inc\Window.ixx">
      <Filter>헤더 파일\Native</Filter>
    </ClCompile>
    <ClCompile Include="..\Native\inc\WindowCoroutine.ixx">
      <Filter>헤더 파일\Native</Filter>
    </ClCompile>
    <ClCompile Include="..\Native\inc\WindowFactory.ixx">
      <Filter>헤더 파일\Native</Filter>
    </ClCompile>
    <ClCompile Include="..\Native\inc\WindowOption.ixx">
      <Filter>헤더 파일\Native</Filter>
    </ClCompile>
    <ClCompile Include="..\Native\inc\WindowProperty.ixx">
      <Filter>헤더 파일\Native</Filter>
    </ClCompile>
    <ClCompile Include="..\Native\inc\WindowsPropertyFactory.ixx">
      <Filter>헤더 파일\Native</Filter>
    </ClCompile>
    <ClCompile Include="..\Native\inc\WindowStyle.ixx">
      <Filter>헤더 파일\Native</Filter>
    </ClCompile>
    <ClCompile Include="..\Utility\Utility\inc\Array.ixx">
      <Filter>헤더 파일\Utility</Filter>
    </ClCompile>
    <ClCompile Include="..\Utility\Utility\inc\Atom.ixx">
      <Filter>헤더 파일\Utility</Filter>
    </ClCompile>
    <ClCompile Include="..\Utility\Utility\inc\Atomic.ixx">
      <Filter>헤더 파일\Utility</Filter>
    </ClCompile>
    <ClCompile Include="..\Utility\Utility\inc\Classifier.ixx">
      <Filter>헤더 파일\Utility</Filter>
    </ClCompile>
    <ClCompile Include="..\Utility\Utility\inc\CoIterator.ixx">
      <Filter>헤더 파일\Utility</Filter>
    </ClCompile>
    <ClCompile Include="..\Utility\Utility\inc\CoLogic.ixx">
      <Filter>헤더 파일\Utility</Filter>
    </ClCompile>
    <ClCompile Include="..\Utility\Utility\inc\Constraints.ixx">
      <Filter>헤더 파일\Utility</Filter>
    </ClCompile>
    <ClCompile Include="..\Utility\Utility\inc\CoPromise.ixx">
      <Filter>헤더 파일\Utility</Filter>
    </ClCompile>
    <ClCompile Include="..\Utility\Utility\inc\Coroutine.ixx">
      <Filter>헤더 파일\Utility</Filter>
    </ClCompile>
    <ClCompile Include="..\Utility\Utility\inc\CoTask.ixx">
      <Filter>헤더 파일\Utility</Filter>
    </ClCompile>
    <ClCompile Include="..\Utility\Utility\inc\DataPacker.ixx">
      <Filter>헤더 파일\Utility</Filter>
    </ClCompile>
    <ClCompile Include="..\Utility\Utility\inc\DataUnit.ixx">
      <Filter>헤더 파일\Utility</Filter>
    </ClCompile>
    <ClCompile Include="..\Utility\Utility\inc\Deserialization.ixx">
      <Filter>헤더 파일\Utility</Filter>
    </ClCompile>
    <ClCompile Include="..\Utility\Utility\inc\Enumerator.ixx">
      <Filter>헤더 파일\Utility</Filter>
    </ClCompile>
    <ClCompile Include="..\Utility\Utility\inc\Error.ixx">
      <Filter>헤더 파일\Utility</Filter>
    </ClCompile>
    <ClCompile Include="..\Utility\Utility\inc\Expected.ixx">
      <Filter>헤더 파일\Utility</Filter>
    </ClCompile>
    <ClCompile Include="..\Utility\Utility\inc\File.ixx">
      <Filter>헤더 파일\Utility</Filter>
    </ClCompile>
    <ClCompile Include="..\Utility\Utility\inc\FixedString.ixx">
      <Filter>헤더 파일\Utility</Filter>
    </ClCompile>
    <ClCompile Include="..\Utility\Utility\inc\Generator.ixx">
      <Filter>헤더 파일\Utility</Filter>
    </ClCompile>
    <ClCompile Include="..\Utility\Utility\inc\Identity.ixx">
      <Filter>헤더 파일\Utility</Filter>
    </ClCompile>
    <ClCompile Include="..\Utility\Utility\inc\Indexer.ixx">
      <Filter>헤더 파일\Utility</Filter>
    </ClCompile>
    <ClCompile Include="..\Utility\Utility\inc\Locks.ixx">
      <Filter>헤더 파일\Utility</Filter>
    </ClCompile>
    <ClCompile Include="..\Utility\Utility\inc\LooseMonad.ixx">
      <Filter>헤더 파일\Utility</Filter>
    </ClCompile>
    <ClCompile Include="..\Utility\Utility\inc\Memory.ixx">
      <Filter>헤더 파일\Utility</Filter>
    </ClCompile>
    <ClCompile Include="..\Utility\Utility\inc\MemoryWatcher.ixx">
      <Filter>헤더 파일\Utility</Filter>
    </ClCompile>
    <ClCompile Include="..\Utility\Utility\inc\Meta.ixx">
      <Filter>헤더 파일\Utility</Filter>
    </ClCompile>
    <ClCompile Include="..\Utility\Utility\inc\Monad.ixx">
      <Filter>헤더 파일\Utility</Filter>
    </ClCompile>
    <ClCompile Include="..\Utility\Utility\inc\Named.ixx">
      <Filter>헤더 파일\Utility</Filter>
    </ClCompile>
    <ClCompile Include="..\Utility\Utility\inc\Option.ixx">
      <Filter>헤더 파일\Utility</Filter>
    </ClCompile>
    <ClCompile Include="..\Utility\Utility\inc\Print.ixx">
      <Filter>헤더 파일\Utility</Filter>
    </ClCompile>
    <ClCompile Include="..\Utility\Utility\inc\Promise.ixx">
      <Filter>헤더 파일\Utility</Filter>
    </ClCompile>
    <ClCompile Include="..\Utility\Utility\inc\Reflection.ixx">
      <Filter>헤더 파일\Utility</Filter>
    </ClCompile>
    <ClCompile Include="..\Utility\Utility\inc\Serialization.ixx">
      <Filter>헤더 파일\Utility</Filter>
    </ClCompile>
    <ClCompile Include="..\Utility\Utility\inc\Singleton.ixx">
      <Filter>헤더 파일\Utility</Filter>
    </ClCompile>
    <ClCompile Include="..\Utility\Utility\inc\Spinlock.ixx">
      <Filter>헤더 파일\Utility</Filter>
    </ClCompile>
    <ClCompile Include="..\Utility\Utility\inc\String.ixx">
      <Filter>헤더 파일\Utility</Filter>
    </ClCompile>
    <ClCompile Include="..\Utility\Utility\inc\Thread.ixx">
      <Filter>헤더 파일\Utility</Filter>
    </ClCompile>
    <ClCompile Include="..\Utility\Utility\inc\ThreadUnit.ixx">
      <Filter>헤더 파일\Utility</Filter>
    </ClCompile>
    <ClCompile Include="..\Utility\Utility\inc\Time.ixx">
      <Filter>헤더 파일\Utility</Filter>
    </ClCompile>
    <ClCompile Include="..\Utility\Utility\inc\Traits.ixx">
      <Filter>헤더 파일\Utility</Filter>
    </ClCompile>
    <ClCompile Include="..\Utility\Utility\inc\Union.ixx">
      <Filter>헤더 파일\Utility</Filter>
    </ClCompile>
    <ClCompile Include="..\Utility\Utility\inc\Unique.ixx">
      <Filter>헤더 파일\Utility</Filter>
    </ClCompile>
    <ClCompile Include="..\Utility\Utility\inc\Utility.ixx">
      <Filter>헤더 파일\Utility</Filter>
    </ClCompile>
  </ItemGroup>
  <ItemGroup>
    <ClInclude Include="..\OpenGL\fpng.h">
      <Filter>헤더 파일\OpenGL</Filter>
    </ClInclude>
    <ClInclude Include="..\Native\inc\Internal.hpp">
      <Filter>헤더 파일\Native</Filter>
    </ClInclude>
  </ItemGroup>
  <ItemGroup>
    <None Include="..\Native\inc\ImageLoader.inl">
      <Filter>헤더 파일\Native</Filter>
    </None>
    <None Include="..\Utility\Utility\inc\Serialization.inl">
      <Filter>헤더 파일\Utility</Filter>
    </None>
  </ItemGroup>
</Project>