<?xml version="1.0" encoding="utf-8"?>
<Project ToolsVersion="4.0" xmlns="http://schemas.microsoft.com/developer/msbuild/2003">
  <ItemGroup>
    <Filter Include="소스 파일">
      <UniqueIdentifier>{4FC737F1-C7A5-4376-A066-2A32D752A2FF}</UniqueIdentifier>
      <Extensions>cpp;c;cc;cxx;c++;cppm;ixx;def;odl;idl;hpj;bat;asm;asmx</Extensions>
    </Filter>
    <Filter Include="헤더 파일">
      <UniqueIdentifier>{93995380-89BD-4b04-88EB-625FBE52EBFB}</UniqueIdentifier>
      <Extensions>h;hh;hpp;hxx;h++;hm;inl;inc;ipp;xsd</Extensions>
    </Filter>
    <Filter Include="리소스 파일">
      <UniqueIdentifier>{67DA6AB6-F800-4c08-8B7A-83BB121AAD01}</UniqueIdentifier>
      <Extensions>rc;ico;cur;bmp;dlg;rc2;rct;bin;rgs;gif;jpg;jpeg;jpe;resx;tiff;tif;png;wav;mfcribbon-ms</Extensions>
    </Filter>
    <Filter Include="헤더 파일\Device">
      <UniqueIdentifier>{0ae1bc4b-0578-4f12-bfe7-b13c99153ea8}</UniqueIdentifier>
    </Filter>
    <Filter Include="헤더 파일\Utility">
      <UniqueIdentifier>{d15db6ec-62e0-4c92-924c-44a8bd7bc827}</UniqueIdentifier>
    </Filter>
    <Filter Include="헤더 파일\Window">
      <UniqueIdentifier>{46f4f182-8de9-4525-9ead-143dd2c33e1f}</UniqueIdentifier>
    </Filter>
    <Filter Include="헤더 파일\Device\Interfaces">
      <UniqueIdentifier>{12a2c31f-3667-4369-a84d-66239f782688}</UniqueIdentifier>
    </Filter>
    <Filter Include="헤더 파일\Device\GDI">
      <UniqueIdentifier>{df96e776-1182-42b1-9b3c-cb60f1c52b41}</UniqueIdentifier>
    </Filter>
    <Filter Include="헤더 파일\Device\Event">
      <UniqueIdentifier>{6c834170-4d40-42f5-a946-e8ed6b746e99}</UniqueIdentifier>
    </Filter>
  </ItemGroup>
  <ItemGroup>
    <ClInclude Include="pch.hpp">
      <Filter>헤더 파일</Filter>
    </ClInclude>
    <ClInclude Include="Internal.hpp">
      <Filter>헤더 파일</Filter>
    </ClInclude>
  </ItemGroup>
  <ItemGroup>
    <ClCompile Include="Native.cpp">
      <Filter>소스 파일</Filter>
    </ClCompile>
    <ClCompile Include="pch.cpp">
      <Filter>소스 파일</Filter>
    </ClCompile>
    <ClCompile Include="ManagedWindow.cpp">
      <Filter>소스 파일</Filter>
    </ClCompile>
    <ClCompile Include="WindowFactory.cpp">
      <Filter>소스 파일</Filter>
    </ClCompile>
    <ClCompile Include="Window.ixx">
      <Filter>헤더 파일\Window</Filter>
    </ClCompile>
    <ClCompile Include="WindowCoroutine.ixx">
      <Filter>헤더 파일\Window</Filter>
    </ClCompile>
    <ClCompile Include="WindowFactory.ixx">
      <Filter>헤더 파일\Window</Filter>
    </ClCompile>
    <ClCompile Include="WindowProperty.ixx">
      <Filter>헤더 파일\Window</Filter>
    </ClCompile>
    <ClCompile Include="WindowOption.ixx">
      <Filter>헤더 파일\Window</Filter>
    </ClCompile>
    <ClCompile Include="WindowsPropertyFactory.ixx">
      <Filter>헤더 파일\Window</Filter>
    </ClCompile>
    <ClCompile Include="WindowStyle.ixx">
      <Filter>헤더 파일\Window</Filter>
    </ClCompile>
    <ClCompile Include="ManagedWindow.ixx">
      <Filter>헤더 파일\Window</Filter>
    </ClCompile>
    <ClCompile Include="Rect.ixx">
      <Filter>헤더 파일\Utility</Filter>
    </ClCompile>
    <ClCompile Include="ProcessInstance.ixx">
      <Filter>헤더 파일\Device</Filter>
    </ClCompile>
    <ClCompile Include="RawColour.ixx">
      <Filter>헤더 파일\Device</Filter>
    </ClCompile>
    <ClCompile Include="MouseUtils.ixx">
      <Filter>헤더 파일\Device</Filter>
    </ClCompile>
    <ClCompile Include="Mouse.ixx">
      <Filter>헤더 파일\Device</Filter>
    </ClCompile>
    <ClCompile Include="MouseButtons.ixx">
      <Filter>헤더 파일\Device</Filter>
    </ClCompile>
    <ClCompile Include="KeyModifiers.ixx">
      <Filter>헤더 파일\Device</Filter>
    </ClCompile>
    <ClCompile Include="Keyboard.ixx">
      <Filter>헤더 파일\Device</Filter>
    </ClCompile>
    <ClCompile Include="KeyboardFlags.ixx">
      <Filter>헤더 파일\Device</Filter>
    </ClCompile>
    <ClCompile Include="Keycodes.ixx">
      <Filter>헤더 파일\Device</Filter>
    </ClCompile>
    <ClCompile Include="Colour.ixx">
      <Filter>헤더 파일\Device</Filter>
    </ClCompile>
    <ClCompile Include="ComponentBrush.ixx">
      <Filter>헤더 파일\Device</Filter>
    </ClCompile>
    <ClCompile Include="DeviceContext.ixx">
      <Filter>헤더 파일\Device</Filter>
    </ClCompile>
    <ClCompile Include="DeviceHandle.ixx">
      <Filter>헤더 파일\Device</Filter>
    </ClCompile>
    <ClCompile Include="DeviceIO.ixx">
      <Filter>헤더 파일\Device</Filter>
    </ClCompile>
    <ClCompile Include="DeviceUtil.ixx">
      <Filter>헤더 파일\Device</Filter>
    </ClCompile>
    <ClCompile Include="ComponentBrush.cpp">
      <Filter>소스 파일</Filter>
    </ClCompile>
    <ClCompile Include="ColourBrush.cpp">
      <Filter>소스 파일</Filter>
    </ClCompile>
    <ClCompile Include="Icon.cpp">
      <Filter>소스 파일</Filter>
    </ClCompile>
    <ClCompile Include="Pen.cpp">
      <Filter>소스 파일</Filter>
    </ClCompile>
    <ClCompile Include="IHandle.ixx">
      <Filter>헤더 파일\Device\Interfaces</Filter>
    </ClCompile>
    <ClCompile Include="IContext.ixx">
      <Filter>헤더 파일\Device\Interfaces</Filter>
    </ClCompile>
    <ClCompile Include="IGraphics.ixx">
      <Filter>헤더 파일\Device\Interfaces</Filter>
    </ClCompile>
    <ClCompile Include="IGraphics.cpp">
      <Filter>소스 파일</Filter>
    </ClCompile>
    <ClCompile Include="ColourBrush.ixx">
      <Filter>헤더 파일\Device\GDI</Filter>
    </ClCompile>
    <ClCompile Include="Icon.ixx">
      <Filter>헤더 파일\Device\GDI</Filter>
    </ClCompile>
    <ClCompile Include="Pen.ixx">
      <Filter>헤더 파일\Device\GDI</Filter>
    </ClCompile>
    <ClCompile Include="Palette.ixx">
      <Filter>헤더 파일\Device\GDI</Filter>
    </ClCompile>
    <ClCompile Include="src\IWindowHandle.cpp">
      <Filter>소스 파일</Filter>
    </ClCompile>
    <ClCompile Include="IContext.cpp">
      <Filter>소스 파일</Filter>
    </ClCompile>
    <ClCompile Include="DeviceHandle.cpp">
      <Filter>소스 파일</Filter>
    </ClCompile>
    <ClCompile Include="DeviceContext.cpp">
      <Filter>소스 파일</Filter>
    </ClCompile>
    <ClCompile Include="Definitions.ixx">
      <Filter>헤더 파일</Filter>
    </ClCompile>
    <ClCompile Include="CompatibleContext.ixx">
      <Filter>헤더 파일\Device</Filter>
    </ClCompile>
    <ClCompile Include="src\CompatibleContext.cpp">
      <Filter>소스 파일</Filter>
    </ClCompile>
    <ClCompile Include="src\CompatibleBitmap.ixx">
      <Filter>헤더 파일\Device\GDI</Filter>
    </ClCompile>
    <ClCompile Include="src\CompatibleBitmap.cpp">
      <Filter>소스 파일</Filter>
    </ClCompile>
    <ClCompile Include="src\RenderingContext.ixx">
      <Filter>헤더 파일\Device</Filter>
    </ClCompile>
    <ClCompile Include="src\RenderingContext.cpp">
      <Filter>소스 파일</Filter>
    </ClCompile>
    <ClCompile Include="Window.cpp">
      <Filter>헤더 파일\Window</Filter>
    </ClCompile>
    <ClCompile Include="IWindow.ixx">
      <Filter>헤더 파일\Device</Filter>
    </ClCompile>
    <ClCompile Include="Bitmap.ixx">
      <Filter>헤더 파일\Device\GDI</Filter>
    </ClCompile>
    <ClCompile Include="Bitmap.cpp">
      <Filter>소스 파일</Filter>
    </ClCompile>
    <ClCompile Include="ImageLoader.inl">
      <Filter>소스 파일</Filter>
    </ClCompile>
    <ClCompile Include="Event.ixx">
      <Filter>헤더 파일\Device\Event</Filter>
    </ClCompile>
    <ClCompile Include="EventAPI.ixx">
      <Filter>헤더 파일\Device\Event</Filter>
    </ClCompile>
    <ClCompile Include="EventID.ixx">
      <Filter>헤더 파일\Device\Event</Filter>
    </ClCompile>
    <ClCompile Include="SpecialEvent.ixx">
      <Filter>헤더 파일\Device\Event</Filter>
    </ClCompile>
    <ClCompile Include="src\EventAPI.cpp">
      <Filter>소스 파일</Filter>
    </ClCompile>
  </ItemGroup>
</Project>